
Microsoft Visual Studio Solution File, Format Version 12.00
# Visual Studio Version 17
VisualStudioVersion = 17.3.32825.248
MinimumVisualStudioVersion = 10.0.40219.1
Project("{8BC9CEB8-8B4A-11D0-8D11-00A0C91BC942}") = "STL", "STL\STL.vcxproj", "{3CC348D4-5A26-4F51-BEA9-ADEF10FC01E4}"
EndProject
Project("{8BC9CEB8-8B4A-11D0-8D11-00A0C91BC942}") = "AssociativConteiners", "AssociativConteiners\AssociativConteiners.vcxproj", "{C527FA96-4D15-4C03-A0DE-A3E813028C54}"
EndProject
Project("{8BC9CEB8-8B4A-11D0-8D11-00A0C91BC942}") = "MyExceptions", "MyExceptions\MyExceptions.vcxproj", "{6D4EBC97-AFDA-4141-B696-9BD59F568B74}"
EndProject
Project("{8BC9CEB8-8B4A-11D0-8D11-00A0C91BC942}") = "Home Work GAI", "Home Work GAI\Home Work GAI.vcxproj", "{1339BFF6-57AF-40DC-8612-B1E435BA9961}"
EndProject
Global
	GlobalSection(SolutionConfigurationPlatforms) = preSolution
		Debug|x64 = Debug|x64
		Debug|x86 = Debug|x86
		Release|x64 = Release|x64
		Release|x86 = Release|x86
	EndGlobalSection
	GlobalSection(ProjectConfigurationPlatforms) = postSolution
		{3CC348D4-5A26-4F51-BEA9-ADEF10FC01E4}.Debug|x64.ActiveCfg = Debug|x64
		{3CC348D4-5A26-4F51-BEA9-ADEF10FC01E4}.Debug|x64.Build.0 = Debug|x64
		{3CC348D4-5A26-4F51-BEA9-ADEF10FC01E4}.Debug|x86.ActiveCfg = Debug|Win32
		{3CC348D4-5A26-4F51-BEA9-ADEF10FC01E4}.Debug|x86.Build.0 = Debug|Win32
		{3CC348D4-5A26-4F51-BEA9-ADEF10FC01E4}.Release|x64.ActiveCfg = Release|x64
		{3CC348D4-5A26-4F51-BEA9-ADEF10FC01E4}.Release|x64.Build.0 = Release|x64
		{3CC348D4-5A26-4F51-BEA9-ADEF10FC01E4}.Release|x86.ActiveCfg = Release|Win32
		{3CC348D4-5A26-4F51-BEA9-ADEF10FC01E4}.Release|x86.Build.0 = Release|Win32
		{C527FA96-4D15-4C03-A0DE-A3E813028C54}.Debug|x64.ActiveCfg = Debug|x64
		{C527FA96-4D15-4C03-A0DE-A3E813028C54}.Debug|x64.Build.0 = Debug|x64
		{C527FA96-4D15-4C03-A0DE-A3E813028C54}.Debug|x86.ActiveCfg = Debug|Win32
		{C527FA96-4D15-4C03-A0DE-A3E813028C54}.Debug|x86.Build.0 = Debug|Win32
		{C527FA96-4D15-4C03-A0DE-A3E813028C54}.Release|x64.ActiveCfg = Release|x64
		{C527FA96-4D15-4C03-A0DE-A3E813028C54}.Release|x64.Build.0 = Release|x64
		{C527FA96-4D15-4C03-A0DE-A3E813028C54}.Release|x86.ActiveCfg = Release|Win32
		{C527FA96-4D15-4C03-A0DE-A3E813028C54}.Release|x86.Build.0 = Release|Win32
		{6D4EBC97-AFDA-4141-B696-9BD59F568B74}.Debug|x64.ActiveCfg = Debug|x64
		{6D4EBC97-AFDA-4141-B696-9BD59F568B74}.Debug|x64.Build.0 = Debug|x64
		{6D4EBC97-AFDA-4141-B696-9BD59F568B74}.Debug|x86.ActiveCfg = Debug|Win32
		{6D4EBC97-AFDA-4141-B696-9BD59F568B74}.Debug|x86.Build.0 = Debug|Win32
		{6D4EBC97-AFDA-4141-B696-9BD59F568B74}.Release|x64.ActiveCfg = Release|x64
		{6D4EBC97-AFDA-4141-B696-9BD59F568B74}.Release|x64.Build.0 = Release|x64
		{6D4EBC97-AFDA-4141-B696-9BD59F568B74}.Release|x86.ActiveCfg = Release|Win32
		{6D4EBC97-AFDA-4141-B696-9BD59F568B74}.Release|x86.Build.0 = Release|Win32
		{1339BFF6-57AF-40DC-8612-B1E435BA9961}.Debug|x64.ActiveCfg = Debug|x64
		{1339BFF6-57AF-40DC-8612-B1E435BA9961}.Debug|x64.Build.0 = Debug|x64
		{1339BFF6-57AF-40DC-8612-B1E435BA9961}.Debug|x86.ActiveCfg = Debug|Win32
		{1339BFF6-57AF-40DC-8612-B1E435BA9961}.Debug|x86.Build.0 = Debug|Win32
		{1339BFF6-57AF-40DC-8612-B1E435BA9961}.Release|x64.ActiveCfg = Release|x64
		{1339BFF6-57AF-40DC-8612-B1E435BA9961}.Release|x64.Build.0 = Release|x64
		{1339BFF6-57AF-40DC-8612-B1E435BA9961}.Release|x86.ActiveCfg = Release|Win32
		{1339BFF6-57AF-40DC-8612-B1E435BA9961}.Release|x86.Build.0 = Release|Win32
	EndGlobalSection
	GlobalSection(SolutionProperties) = preSolution
		HideSolutionNode = FALSE
	EndGlobalSection
	GlobalSection(ExtensibilityGlobals) = postSolution
		SolutionGuid = {CDD56087-4961-41E7-91C8-17BCB7C29A18}
	EndGlobalSection
EndGlobal
